
Microsoft Visual Studio Solution File, Format Version 12.00
# Visual Studio Version 16
VisualStudioVersion = 16.0.30114.105
MinimumVisualStudioVersion = 10.0.40219.1
Project("{FAE04EC0-301F-11D3-BF4B-00C04F79EFBC}") = "API", "API\API.csproj", "{2C5BC00A-F3B4-4607-BD87-957954F80610}"
EndProject
Project("{FAE04EC0-301F-11D3-BF4B-00C04F79EFBC}") = "Application", "Application\Application.csproj", "{DD51B970-1E30-4006-8444-61A4CE8F800C}"
EndProject
Project("{FAE04EC0-301F-11D3-BF4B-00C04F79EFBC}") = "Persistence", "Persistence\Persistence.csproj", "{9E788FCF-7A37-458F-86B1-2CD90280EE81}"
EndProject
Project("{FAE04EC0-301F-11D3-BF4B-00C04F79EFBC}") = "Domain", "Domain\Domain.csproj", "{723B6DE1-1F07-4F89-BBD5-4B3C461F5F42}"
EndProject
Global
	GlobalSection(SolutionConfigurationPlatforms) = preSolution
		Debug|Any CPU = Debug|Any CPU
		Debug|x64 = Debug|x64
		Debug|x86 = Debug|x86
		Release|Any CPU = Release|Any CPU
		Release|x64 = Release|x64
		Release|x86 = Release|x86
	EndGlobalSection
	GlobalSection(SolutionProperties) = preSolution
		HideSolutionNode = FALSE
	EndGlobalSection
	GlobalSection(ProjectConfigurationPlatforms) = postSolution
		{2C5BC00A-F3B4-4607-BD87-957954F80610}.Debug|Any CPU.ActiveCfg = Debug|Any CPU
		{2C5BC00A-F3B4-4607-BD87-957954F80610}.Debug|Any CPU.Build.0 = Debug|Any CPU
		{2C5BC00A-F3B4-4607-BD87-957954F80610}.Debug|x64.ActiveCfg = Debug|Any CPU
		{2C5BC00A-F3B4-4607-BD87-957954F80610}.Debug|x64.Build.0 = Debug|Any CPU
		{2C5BC00A-F3B4-4607-BD87-957954F80610}.Debug|x86.ActiveCfg = Debug|Any CPU
		{2C5BC00A-F3B4-4607-BD87-957954F80610}.Debug|x86.Build.0 = Debug|Any CPU
		{2C5BC00A-F3B4-4607-BD87-957954F80610}.Release|Any CPU.ActiveCfg = Release|Any CPU
		{2C5BC00A-F3B4-4607-BD87-957954F80610}.Release|Any CPU.Build.0 = Release|Any CPU
		{2C5BC00A-F3B4-4607-BD87-957954F80610}.Release|x64.ActiveCfg = Release|Any CPU
		{2C5BC00A-F3B4-4607-BD87-957954F80610}.Release|x64.Build.0 = Release|Any CPU
		{2C5BC00A-F3B4-4607-BD87-957954F80610}.Release|x86.ActiveCfg = Release|Any CPU
		{2C5BC00A-F3B4-4607-BD87-957954F80610}.Release|x86.Build.0 = Release|Any CPU
		{DD51B970-1E30-4006-8444-61A4CE8F800C}.Debug|Any CPU.ActiveCfg = Debug|Any CPU
		{DD51B970-1E30-4006-8444-61A4CE8F800C}.Debug|Any CPU.Build.0 = Debug|Any CPU
		{DD51B970-1E30-4006-8444-61A4CE8F800C}.Debug|x64.ActiveCfg = Debug|Any CPU
		{DD51B970-1E30-4006-8444-61A4CE8F800C}.Debug|x64.Build.0 = Debug|Any CPU
		{DD51B970-1E30-4006-8444-61A4CE8F800C}.Debug|x86.ActiveCfg = Debug|Any CPU
		{DD51B970-1E30-4006-8444-61A4CE8F800C}.Debug|x86.Build.0 = Debug|Any CPU
		{DD51B970-1E30-4006-8444-61A4CE8F800C}.Release|Any CPU.ActiveCfg = Release|Any CPU
		{DD51B970-1E30-4006-8444-61A4CE8F800C}.Release|Any CPU.Build.0 = Release|Any CPU
		{DD51B970-1E30-4006-8444-61A4CE8F800C}.Release|x64.ActiveCfg = Release|Any CPU
		{DD51B970-1E30-4006-8444-61A4CE8F800C}.Release|x64.Build.0 = Release|Any CPU
		{DD51B970-1E30-4006-8444-61A4CE8F800C}.Release|x86.ActiveCfg = Release|Any CPU
		{DD51B970-1E30-4006-8444-61A4CE8F800C}.Release|x86.Build.0 = Release|Any CPU
		{9E788FCF-7A37-458F-86B1-2CD90280EE81}.Debug|Any CPU.ActiveCfg = Debug|Any CPU
		{9E788FCF-7A37-458F-86B1-2CD90280EE81}.Debug|Any CPU.Build.0 = Debug|Any CPU
		{9E788FCF-7A37-458F-86B1-2CD90280EE81}.Debug|x64.ActiveCfg = Debug|Any CPU
		{9E788FCF-7A37-458F-86B1-2CD90280EE81}.Debug|x64.Build.0 = Debug|Any CPU
		{9E788FCF-7A37-458F-86B1-2CD90280EE81}.Debug|x86.ActiveCfg = Debug|Any CPU
		{9E788FCF-7A37-458F-86B1-2CD90280EE81}.Debug|x86.Build.0 = Debug|Any CPU
		{9E788FCF-7A37-458F-86B1-2CD90280EE81}.Release|Any CPU.ActiveCfg = Release|Any CPU
		{9E788FCF-7A37-458F-86B1-2CD90280EE81}.Release|Any CPU.Build.0 = Release|Any CPU
		{9E788FCF-7A37-458F-86B1-2CD90280EE81}.Release|x64.ActiveCfg = Release|Any CPU
		{9E788FCF-7A37-458F-86B1-2CD90280EE81}.Release|x64.Build.0 = Release|Any CPU
		{9E788FCF-7A37-458F-86B1-2CD90280EE81}.Release|x86.ActiveCfg = Release|Any CPU
		{9E788FCF-7A37-458F-86B1-2CD90280EE81}.Release|x86.Build.0 = Release|Any CPU
		{723B6DE1-1F07-4F89-BBD5-4B3C461F5F42}.Debug|Any CPU.ActiveCfg = Debug|Any CPU
		{723B6DE1-1F07-4F89-BBD5-4B3C461F5F42}.Debug|Any CPU.Build.0 = Debug|Any CPU
		{723B6DE1-1F07-4F89-BBD5-4B3C461F5F42}.Debug|x64.ActiveCfg = Debug|Any CPU
		{723B6DE1-1F07-4F89-BBD5-4B3C461F5F42}.Debug|x64.Build.0 = Debug|Any CPU
		{723B6DE1-1F07-4F89-BBD5-4B3C461F5F42}.Debug|x86.ActiveCfg = Debug|Any CPU
		{723B6DE1-1F07-4F89-BBD5-4B3C461F5F42}.Debug|x86.Build.0 = Debug|Any CPU
		{723B6DE1-1F07-4F89-BBD5-4B3C461F5F42}.Release|Any CPU.ActiveCfg = Release|Any CPU
		{723B6DE1-1F07-4F89-BBD5-4B3C461F5F42}.Release|Any CPU.Build.0 = Release|Any CPU
		{723B6DE1-1F07-4F89-BBD5-4B3C461F5F42}.Release|x64.ActiveCfg = Release|Any CPU
		{723B6DE1-1F07-4F89-BBD5-4B3C461F5F42}.Release|x64.Build.0 = Release|Any CPU
		{723B6DE1-1F07-4F89-BBD5-4B3C461F5F42}.Release|x86.ActiveCfg = Release|Any CPU
		{723B6DE1-1F07-4F89-BBD5-4B3C461F5F42}.Release|x86.Build.0 = Release|Any CPU
	EndGlobalSection
EndGlobal
